
Microsoft Visual Studio Solution File, Format Version 12.00
Project("{FAE04EC0-301F-11D3-BF4B-00C04F79EFBC}") = "A.Logica.Programacao", "A.Logica.Programacao\A.Logica.Programacao.csproj", "{8ADCC441-887A-42B0-B3C0-8D49DEA8D2DD}"
EndProject
Project("{FAE04EC0-301F-11D3-BF4B-00C04F79EFBC}") = "B.Classes.Atributos.Metodos", "B.Classes.Atributos.Metodos\B.Classes.Atributos.Metodos.csproj", "{E453E409-EE47-45F0-8469-C4FCB82DACFD}"
EndProject
Project("{FAE04EC0-301F-11D3-BF4B-00C04F79EFBC}") = "C.Construtores.Sobrecarga.Encapsulamento", "C.Construtores.Sobrecarga.Encapsulamento\C.Construtores.Sobrecarga.Encapsulamento.csproj", "{F332FB04-E8FF-47FF-9511-E53E9D3DFC21}"
EndProject
Project("{FAE04EC0-301F-11D3-BF4B-00C04F79EFBC}") = "D.Memoria.Arrays.Listas", "D.Memoria.Arrays.Listas\D.Memoria.Arrays.Listas.csproj", "{806E15BE-55BC-4910-ACA4-B5C400B8DC8E}"
EndProject
Project("{FAE04EC0-301F-11D3-BF4B-00C04F79EFBC}") = "E.Topicos.Especiais.Parte01", "E.Topicos.Especiais.Parte01\E.Topicos.Especiais.Parte01.csproj", "{230C79A5-0F39-478B-B081-DAE598D32DCB}"
EndProject
Project("{FAE04EC0-301F-11D3-BF4B-00C04F79EFBC}") = "F.Enumeracoes.Composicoes", "F.Enumeracoes.Composicoes\F.Enumeracoes.Composicoes.csproj", "{E8D559D3-9246-48AF-88DC-9AB854346116}"
EndProject
Project("{FAE04EC0-301F-11D3-BF4B-00C04F79EFBC}") = "G.Heranca.Polimorfismo", "G.Heranca.Polimorfismo\G.Heranca.Polimorfismo.csproj", "{A2B0BBD9-DF8C-4BD2-ACA2-290536421C06}"
EndProject
Project("{FAE04EC0-301F-11D3-BF4B-00C04F79EFBC}") = "H.Arquivos", "H.Arquivos\H.Arquivos.csproj", "{0A4704E9-183E-4F90-9612-28EA907B706D}"
EndProject
Project("{FAE04EC0-301F-11D3-BF4B-00C04F79EFBC}") = "I.Interfaces", "I.Interfaces\I.Interfaces.csproj", "{11F1E96A-3AF6-452D-9D07-5D602BF5E328}"
EndProject
Project("{FAE04EC0-301F-11D3-BF4B-00C04F79EFBC}") = "J.Generics.Set.Dictionary", "J.Generics.Set.Dictionary\J.Generics.Set.Dictionary.csproj", "{33AA69A7-2A77-440F-8756-0CA3AA1EC88E}"
EndProject
Project("{FAE04EC0-301F-11D3-BF4B-00C04F79EFBC}") = "K.Lambda.Delegates.Linq", "K.Lambda.Delegates.Linq\K.Lambda.Delegates.Linq.csproj", "{684CCD01-2D84-47C6-BB3F-114765C6334D}"
EndProject
Project("{FAE04EC0-301F-11D3-BF4B-00C04F79EFBC}") = "Projeto.Xadrez", "Projeto.Xadrez\Projeto.Xadrez.csproj", "{5953C872-4DAC-4513-825B-4D43F99D62FE}"
EndProject
Global
	GlobalSection(SolutionConfigurationPlatforms) = preSolution
		Debug|Any CPU = Debug|Any CPU
		Release|Any CPU = Release|Any CPU
	EndGlobalSection
	GlobalSection(ProjectConfigurationPlatforms) = postSolution
		{8ADCC441-887A-42B0-B3C0-8D49DEA8D2DD}.Debug|Any CPU.ActiveCfg = Debug|Any CPU
		{8ADCC441-887A-42B0-B3C0-8D49DEA8D2DD}.Debug|Any CPU.Build.0 = Debug|Any CPU
		{8ADCC441-887A-42B0-B3C0-8D49DEA8D2DD}.Release|Any CPU.ActiveCfg = Release|Any CPU
		{8ADCC441-887A-42B0-B3C0-8D49DEA8D2DD}.Release|Any CPU.Build.0 = Release|Any CPU
		{E453E409-EE47-45F0-8469-C4FCB82DACFD}.Debug|Any CPU.ActiveCfg = Debug|Any CPU
		{E453E409-EE47-45F0-8469-C4FCB82DACFD}.Debug|Any CPU.Build.0 = Debug|Any CPU
		{E453E409-EE47-45F0-8469-C4FCB82DACFD}.Release|Any CPU.ActiveCfg = Release|Any CPU
		{E453E409-EE47-45F0-8469-C4FCB82DACFD}.Release|Any CPU.Build.0 = Release|Any CPU
		{F332FB04-E8FF-47FF-9511-E53E9D3DFC21}.Debug|Any CPU.ActiveCfg = Debug|Any CPU
		{F332FB04-E8FF-47FF-9511-E53E9D3DFC21}.Debug|Any CPU.Build.0 = Debug|Any CPU
		{F332FB04-E8FF-47FF-9511-E53E9D3DFC21}.Release|Any CPU.ActiveCfg = Release|Any CPU
		{F332FB04-E8FF-47FF-9511-E53E9D3DFC21}.Release|Any CPU.Build.0 = Release|Any CPU
		{806E15BE-55BC-4910-ACA4-B5C400B8DC8E}.Debug|Any CPU.ActiveCfg = Debug|Any CPU
		{806E15BE-55BC-4910-ACA4-B5C400B8DC8E}.Debug|Any CPU.Build.0 = Debug|Any CPU
		{806E15BE-55BC-4910-ACA4-B5C400B8DC8E}.Release|Any CPU.ActiveCfg = Release|Any CPU
		{806E15BE-55BC-4910-ACA4-B5C400B8DC8E}.Release|Any CPU.Build.0 = Release|Any CPU
		{230C79A5-0F39-478B-B081-DAE598D32DCB}.Debug|Any CPU.ActiveCfg = Debug|Any CPU
		{230C79A5-0F39-478B-B081-DAE598D32DCB}.Debug|Any CPU.Build.0 = Debug|Any CPU
		{230C79A5-0F39-478B-B081-DAE598D32DCB}.Release|Any CPU.ActiveCfg = Release|Any CPU
		{230C79A5-0F39-478B-B081-DAE598D32DCB}.Release|Any CPU.Build.0 = Release|Any CPU
		{E8D559D3-9246-48AF-88DC-9AB854346116}.Debug|Any CPU.ActiveCfg = Debug|Any CPU
		{E8D559D3-9246-48AF-88DC-9AB854346116}.Debug|Any CPU.Build.0 = Debug|Any CPU
		{E8D559D3-9246-48AF-88DC-9AB854346116}.Release|Any CPU.ActiveCfg = Release|Any CPU
		{E8D559D3-9246-48AF-88DC-9AB854346116}.Release|Any CPU.Build.0 = Release|Any CPU
		{A2B0BBD9-DF8C-4BD2-ACA2-290536421C06}.Debug|Any CPU.ActiveCfg = Debug|Any CPU
		{A2B0BBD9-DF8C-4BD2-ACA2-290536421C06}.Debug|Any CPU.Build.0 = Debug|Any CPU
		{A2B0BBD9-DF8C-4BD2-ACA2-290536421C06}.Release|Any CPU.ActiveCfg = Release|Any CPU
		{A2B0BBD9-DF8C-4BD2-ACA2-290536421C06}.Release|Any CPU.Build.0 = Release|Any CPU
		{0A4704E9-183E-4F90-9612-28EA907B706D}.Debug|Any CPU.ActiveCfg = Debug|Any CPU
		{0A4704E9-183E-4F90-9612-28EA907B706D}.Debug|Any CPU.Build.0 = Debug|Any CPU
		{0A4704E9-183E-4F90-9612-28EA907B706D}.Release|Any CPU.ActiveCfg = Release|Any CPU
		{0A4704E9-183E-4F90-9612-28EA907B706D}.Release|Any CPU.Build.0 = Release|Any CPU
		{11F1E96A-3AF6-452D-9D07-5D602BF5E328}.Debug|Any CPU.ActiveCfg = Debug|Any CPU
		{11F1E96A-3AF6-452D-9D07-5D602BF5E328}.Debug|Any CPU.Build.0 = Debug|Any CPU
		{11F1E96A-3AF6-452D-9D07-5D602BF5E328}.Release|Any CPU.ActiveCfg = Release|Any CPU
		{11F1E96A-3AF6-452D-9D07-5D602BF5E328}.Release|Any CPU.Build.0 = Release|Any CPU
		{33AA69A7-2A77-440F-8756-0CA3AA1EC88E}.Debug|Any CPU.ActiveCfg = Debug|Any CPU
		{33AA69A7-2A77-440F-8756-0CA3AA1EC88E}.Debug|Any CPU.Build.0 = Debug|Any CPU
		{33AA69A7-2A77-440F-8756-0CA3AA1EC88E}.Release|Any CPU.ActiveCfg = Release|Any CPU
		{33AA69A7-2A77-440F-8756-0CA3AA1EC88E}.Release|Any CPU.Build.0 = Release|Any CPU
		{684CCD01-2D84-47C6-BB3F-114765C6334D}.Debug|Any CPU.ActiveCfg = Debug|Any CPU
		{684CCD01-2D84-47C6-BB3F-114765C6334D}.Debug|Any CPU.Build.0 = Debug|Any CPU
		{684CCD01-2D84-47C6-BB3F-114765C6334D}.Release|Any CPU.ActiveCfg = Release|Any CPU
		{684CCD01-2D84-47C6-BB3F-114765C6334D}.Release|Any CPU.Build.0 = Release|Any CPU
		{5953C872-4DAC-4513-825B-4D43F99D62FE}.Debug|Any CPU.ActiveCfg = Debug|Any CPU
		{5953C872-4DAC-4513-825B-4D43F99D62FE}.Debug|Any CPU.Build.0 = Debug|Any CPU
		{5953C872-4DAC-4513-825B-4D43F99D62FE}.Release|Any CPU.ActiveCfg = Release|Any CPU
		{5953C872-4DAC-4513-825B-4D43F99D62FE}.Release|Any CPU.Build.0 = Release|Any CPU
	EndGlobalSection
EndGlobal
